# THIS IS AN AUTOGENERATED FILE. DO NOT EDIT THIS FILE DIRECTLY.
# yarn lockfile v1


eruda@^2.4.1:
  version "2.4.1"
  resolved "https://registry.yarnpkg.com/eruda/-/eruda-2.4.1.tgz#dedc9b78546feb827d6ccafbfd7dae480509d2a2"
  integrity sha512-rI16JoCsyy/pzXbPo7X6EMSUrhbtKZeFZGopiqrmCKxA8GlH61IXjlQAk1SWGpVpkJ6A1z7leuF8EmhFsU+OXQ==

rgbquant@^1.1.2:
  version "1.1.2"
  resolved "https://registry.yarnpkg.com/rgbquant/-/rgbquant-1.1.2.tgz#d95e889a8fcb1e6c1a4fa2ccc8be3a41a2fcd185"
  integrity sha1-2V6Imo/LHmwaT6LMyL46QaL80YU=
